
Microsoft Visual Studio Solution File, Format Version 12.00
# Visual Studio Version 17
VisualStudioVersion = 17.5.33502.453
MinimumVisualStudioVersion = 10.0.40219.1
Project("{FAE04EC0-301F-11D3-BF4B-00C04F79EFBC}") = "Mission14_nb348", "Mission14_nb348.csproj", "{99B907CF-433A-493E-8881-B9EC66A19823}"
EndProject
Global
	GlobalSection(SolutionConfigurationPlatforms) = preSolution
		Debug|Any CPU = Debug|Any CPU
		Release|Any CPU = Release|Any CPU
	EndGlobalSection
	GlobalSection(ProjectConfigurationPlatforms) = postSolution
		{99B907CF-433A-493E-8881-B9EC66A19823}.Debug|Any CPU.ActiveCfg = Debug|Any CPU
		{99B907CF-433A-493E-8881-B9EC66A19823}.Debug|Any CPU.Build.0 = Debug|Any CPU
		{99B907CF-433A-493E-8881-B9EC66A19823}.Release|Any CPU.ActiveCfg = Release|Any CPU
		{99B907CF-433A-493E-8881-B9EC66A19823}.Release|Any CPU.Build.0 = Release|Any CPU
	EndGlobalSection
	GlobalSection(SolutionProperties) = preSolution
		HideSolutionNode = FALSE
	EndGlobalSection
	GlobalSection(ExtensibilityGlobals) = postSolution
		SolutionGuid = {03ED20B0-C848-4869-B866-69FF9A31117B}
	EndGlobalSection
EndGlobal
